Microsoft Visual Studio Solution File, Format Version 12.00
# Visual Studio Version 17
VisualStudioVersion = 17.5.2.0
MinimumVisualStudioVersion = 10.0.40219.1
Project("{FAE04EC0-301F-11D3-BF4B-00C04F79EFBC}") = "TopDownShooter", "TopDownShooter.csproj", "{CE96295B-0A19-DBD7-55F2-E6ADF8A6498A}"
EndProject
Global
	GlobalSection(SolutionConfigurationPlatforms) = preSolution
		Debug|Any CPU = Debug|Any CPU
		Release|Any CPU = Release|Any CPU
	EndGlobalSection
	GlobalSection(ProjectConfigurationPlatforms) = postSolution
		{CE96295B-0A19-DBD7-55F2-E6ADF8A6498A}.Debug|Any CPU.ActiveCfg = Debug|Any CPU
		{CE96295B-0A19-DBD7-55F2-E6ADF8A6498A}.Debug|Any CPU.Build.0 = Debug|Any CPU
		{CE96295B-0A19-DBD7-55F2-E6ADF8A6498A}.Release|Any CPU.ActiveCfg = Release|Any CPU
		{CE96295B-0A19-DBD7-55F2-E6ADF8A6498A}.Release|Any CPU.Build.0 = Release|Any CPU
	EndGlobalSection
	GlobalSection(SolutionProperties) = preSolution
		HideSolutionNode = FALSE
	EndGlobalSection
	GlobalSection(ExtensibilityGlobals) = postSolution
		SolutionGuid = {C06E2F25-C8A2-445C-8EA1-12D9B1DDD826}
	EndGlobalSection
EndGlobal
